// !$*UTF8*$!
{
	archiveVersion = 1;
	classes = {
	};
	objectVersion = 46;
	objects = {

/* Begin PBXBuildFile section */
		9FD4AF641DF022B400C6DE23 /* main.m in Sources */ = {isa = PBXBuildFile; fileRef = 9FD4AF631DF022B400C6DE23 /* main.m */; };
		9FD4AF671DF022B400C6DE23 /* AppDelegate.m in Sources */ = {isa = PBXBuildFile; fileRef = 9FD4AF661DF022B400C6DE23 /* AppDelegate.m */; };
		9FD4AF6A1DF022B400C6DE23 /* ViewController.m in Sources */ = {isa = PBXBuildFile; fileRef = 9FD4AF691DF022B400C6DE23 /* ViewController.m */; };
		9FD4AF6D1DF022B400C6DE23 /* Main.storyboard in Resources */ = {isa = PBXBuildFile; fileRef = 9FD4AF6B1DF022B400C6DE23 /* Main.storyboard */; };
		9FD4AF6F1DF022B400C6DE23 /* Assets.xcassets in Resources */ = {isa = PBXBuildFile; fileRef = 9FD4AF6E1DF022B400C6DE23 /* Assets.xcassets */; };
		9FD4AF721DF022B400C6DE23 /* LaunchScreen.storyboard in Resources */ = {isa = PBXBuildFile; fileRef = 9FD4AF701DF022B400C6DE23 /* LaunchScreen.storyboard */; };
		9FD4AF8F1DF6B90000C6DE23 /* EFPageControl.m in Sources */ = {isa = PBXBuildFile; fileRef = 9FD4AF8E1DF6B90000C6DE23 /* EFPageControl.m */; };
/* End PBXBuildFile section */

/* Begin PBXFileReference section */
		9FD4AF5F1DF022B400C6DE23 /* EFPageControl.app */ = {isa = PBXFileReference; explicitFileType = wrapper.application; includeInIndex = 0; path = EFPageControl.app; sourceTree = BUILT_PRODUCTS_DIR; };
		9FD4AF631DF022B400C6DE23 /* main.m */ = {isa = PBXFileReference; lastKnownFileType = sourcecode.c.objc; path = main.m; sourceTree = "<group>"; };
		9FD4AF651DF022B400C6DE23 /* AppDelegate.h */ = {isa = PBXFileReference; lastKnownFileType = sourcecode.c.h; path = AppDelegate.h; sourceTree = "<group>"; };
		9FD4AF661DF022B400C6DE23 /* AppDelegate.m */ = {isa = PBXFileReference; lastKnownFileType = sourcecode.c.objc; path = AppDelegate.m; sourceTree = "<group>"; };
		9FD4AF681DF022B400C6DE23 /* ViewController.h */ = {isa = PBXFileReference; lastKnownFileType = sourcecode.c.h; path = ViewController.h; sourceTree = "<group>"; };
		9FD4AF691DF022B400C6DE23 /* ViewController.m */ = {isa = PBXFileReference; lastKnownFileType = sourcecode.c.objc; path = ViewController.m; sourceTree = "<group>"; };
		9FD4AF6C1DF022B400C6DE23 /* Base */ = {isa = PBXFileReference; lastKnownFileType = file.storyboard; name = Base; path = Base.lproj/Main.storyboard; sourceTree = "<group>"; };
		9FD4AF6E1DF022B400C6DE23 /* Assets.xcassets */ = {isa = PBXFileReference; lastKnownFileType = folder.assetcatalog; path = Assets.xcassets; sourceTree = "<group>"; };
		9FD4AF711DF022B400C6DE23 /* Base */ = {isa = PBXFileReference; lastKnownFileType = file.storyboard; name = Base; path = Base.lproj/LaunchScreen.storyboard; sourceTree = "<group>"; };
		9FD4AF731DF022B400C6DE23 /* Info.plist */ = {isa = PBXFileReference; lastKnownFileType = text.plist.xml; path = Info.plist; sourceTree = "<group>"; };
		9FD4AF8D1DF6B90000C6DE23 /* EFPageControl.h */ = {isa = PBXFileReference; fileEncoding = 4; lastKnownFileType = sourcecode.c.h; path = EFPageControl.h; sourceTree = "<group>"; };
		9FD4AF8E1DF6B90000C6DE23 /* EFPageControl.m */ = {isa = PBXFileReference; fileEncoding = 4; lastKnownFileType = sourcecode.c.objc; path = EFPageControl.m; sourceTree = "<group>"; };
/* End PBXFileReference section */

/* Begin PBXFrameworksBuildPhase section */
		9FD4AF5C1DF022B400C6DE23 /* Frameworks */ = {
			isa = PBXFrameworksBuildPhase;
			buildActionMask = 2147483647;
			files = (
			);
			runOnlyForDeploymentPostprocessing = 0;
		};
/* End PBXFrameworksBuildPhase section */

/* Begin PBXGroup section */
		9FD4AF561DF022B400C6DE23 = {
			isa = PBXGroup;
			children = (
				9FD4AF611DF022B400C6DE23 /* EFPageControl */,
				9FD4AF601DF022B400C6DE23 /* Products */,
			);
			sourceTree = "<group>";
		};
		9FD4AF601DF022B400C6DE23 /* Products */ = {
			isa = PBXGroup;
			children = (
				9FD4AF5F1DF022B400C6DE23 /* EFPageControl.app */,
			);
			name = Products;
			sourceTree = "<group>";
		};
		9FD4AF611DF022B400C6DE23 /* EFPageControl */ = {
			isa = PBXGroup;
			children = (
				9FD4AF8C1DF6B90000C6DE23 /* EFPageControl */,
				9FD4AF651DF022B400C6DE23 /* AppDelegate.h */,
				9FD4AF661DF022B400C6DE23 /* AppDelegate.m */,
				9FD4AF681DF022B400C6DE23 /* ViewController.h */,
				9FD4AF691DF022B400C6DE23 /* ViewController.m */,
				9FD4AF6B1DF022B400C6DE23 /* Main.storyboard */,
				9FD4AF6E1DF022B400C6DE23 /* Assets.xcassets */,
				9FD4AF701DF022B400C6DE23 /* LaunchScreen.storyboard */,
				9FD4AF731DF022B400C6DE23 /* Info.plist */,
				9FD4AF621DF022B400C6DE23 /* Supporting Files */,
			);
			path = EFPageControl;
			sourceTree = "<group>";
		};
		9FD4AF621DF022B400C6DE23 /* Supporting Files */ = {
			isa = PBXGroup;
			children = (
				9FD4AF631DF022B400C6DE23 /* main.m */,
			);
			name = "Supporting Files";
			sourceTree = "<group>";
		};
		9FD4AF8C1DF6B90000C6DE23 /* EFPageControl */ = {
			isa = PBXGroup;
			children = (
				9FD4AF8D1DF6B90000C6DE23 /* EFPageControl.h */,
				9FD4AF8E1DF6B90000C6DE23 /* EFPageControl.m */,
			);
			path = EFPageControl;
			sourceTree = "<group>";
		};
/* End PBXGroup section */

/* Begin PBXNativeTarget section */
		9FD4AF5E1DF022B400C6DE23 /* EFPageControl */ = {
			isa = PBXNativeTarget;
			buildConfigurationList = 9FD4AF761DF022B400C6DE23 /* Build configuration list for PBXNativeTarget "EFPageControl" */;
			buildPhases = (
				9FD4AF5B1DF022B400C6DE23 /* Sources */,
				9FD4AF5C1DF022B400C6DE23 /* Frameworks */,
				9FD4AF5D1DF022B400C6DE23 /* Resources */,
			);
			buildRules = (
			);
			dependencies = (
			);
			name = EFPageControl;
			productName = EFPageControl;
			productReference = 9FD4AF5F1DF022B400C6DE23 /* EFPageControl.app */;
			productType = "com.apple.product-type.application";
		};
/* End PBXNativeTarget section */

/* Begin PBXProject section */
		9FD4AF571DF022B400C6DE23 /* Project object */ = {
			isa = PBXProject;
			attributes = {
				LastUpgradeCheck = 0810;
				ORGANIZATIONNAME = Allen;
				TargetAttributes = {
					9FD4AF5E1DF022B400C6DE23 = {
						CreatedOnToolsVersion = 8.1;
						ProvisioningStyle = Automatic;
					};
				};
			};
			buildConfigurationList = 9FD4AF5A1DF022B400C6DE23 /* Build configuration list for PBXProject "EFPageControl" */;
			compatibilityVersion = "Xcode 3.2";
			developmentRegion = English;
			hasScannedForEncodings = 0;
			knownRegions = (
				en,
				Base,
			);
			mainGroup = 9FD4AF561DF022B400C6DE23;
			productRefGroup = 9FD4AF601DF022B400C6DE23 /* Products */;
			projectDirPath = "";
			projectRoot = "";
			targets = (
				9FD4AF5E1DF022B400C6DE23 /* EFPageControl */,
			);
		};
/* End PBXProject section */

/* Begin PBXResourcesBuildPhase section */
		9FD4AF5D1DF022B400C6DE23 /* Resources */ = {
			isa = PBXResourcesBuildPhase;
			buildActionMask = 2147483647;
			files = (
				9FD4AF721DF022B400C6DE23 /* LaunchScreen.storyboard in Resources */,
				9FD4AF6F1DF022B400C6DE23 /* Assets.xcassets in Resources */,
				9FD4AF6D1DF022B400C6DE23 /* Main.storyboard in Resources */,
			);
			runOnlyForDeploymentPostprocessing = 0;
		};
/* End PBXResourcesBuildPhase section */

/* Begin PBXSourcesBuildPhase section */
		9FD4AF5B1DF022B400C6DE23 /* Sources */ = {
			isa = PBXSourcesBuildPhase;
			buildActionMask = 2147483647;
			files = (
				9FD4AF6A1DF022B400C6DE23 /* ViewController.m in Sources */,
				9FD4AF671DF022B400C6DE23 /* AppDelegate.m in Sources */,
				9FD4AF641DF022B400C6DE23 /* main.m in Sources */,
				9FD4AF8F1DF6B90000C6DE23 /* EFPageControl.m in Sources */,
			);
			runOnlyForDeploymentPostprocessing = 0;
		};
/* End PBXSourcesBuildPhase section */

/* Begin PBXVariantGroup section */
		9FD4AF6B1DF022B400C6DE23 /* Main.storyboard */ = {
			isa = PBXVariantGroup;
			children = (
				9FD4AF6C1DF022B400C6DE23 /* Base */,
			);
			name = Main.storyboard;
			sourceTree = "<group>";
		};
		9FD4AF701DF022B400C6DE23 /* LaunchScreen.storyboard */ = {
			isa = PBXVariantGroup;
			children = (
				9FD4AF711DF022B400C6DE23 /* Base */,
			);
			name = LaunchScreen.storyboard;
			sourceTree = "<group>";
		};
/* End PBXVariantGroup section */

/* Begin XCBuildConfiguration section */
		9FD4AF741DF022B400C6DE23 /* Debug */ = {
			isa = XCBuildConfiguration;
			buildSettings = {
				ALWAYS_SEARCH_USER_PATHS = NO;
				CLANG_ANALYZER_NONNULL = YES;
				CLANG_CXX_LANGUAGE_STANDARD = "gnu++0x";
				CLANG_CXX_LIBRARY = "libc++";
				CLANG_ENABLE_MODULES = YES;
				CLANG_ENABLE_OBJC_ARC = YES;
				CLANG_WARN_BOOL_CONVERSION = YES;
				CLANG_WARN_CONSTANT_CONVERSION = YES;
				CLANG_WARN_DIRECT_OBJC_ISA_USAGE = YES_ERROR;
				CLANG_WARN_DOCUMENTATION_COMMENTS = YES;
				CLANG_WARN_EMPTY_BODY = YES;
				CLANG_WARN_ENUM_CONVERSION = YES;
				CLANG_WARN_INFINITE_RECURSION = YES;
				CLANG_WARN_INT_CONVERSION = YES;
				CLANG_WARN_OBJC_ROOT_CLASS = YES_ERROR;
				CLANG_WARN_SUSPICIOUS_MOVES = YES;
				CLANG_WARN_UNREACHABLE_CODE = YES;
				CLANG_WARN__DUPLICATE_METHOD_MATCH = YES;
				"CODE_SIGN_IDENTITY[sdk=iphoneos*]" = "iPhone Developer";
				COPY_PHASE_STRIP = NO;
				DEBUG_INFORMATION_FORMAT = dwarf;
				ENABLE_STRICT_OBJC_MSGSEND = YES;
				ENABLE_TESTABILITY = YES;
				GCC_C_LANGUAGE_STANDARD = gnu99;
				GCC_DYNAMIC_NO_PIC = NO;
				GCC_NO_COMMON_BLOCKS = YES;
				GCC_OPTIMIZATION_LEVEL = 0;
				GCC_PREPROCESSOR_DEFINITIONS = (
					"DEBUG=1",
					"$(inherited)",
				);
				GCC_WARN_64_TO_32_BIT_CONVERSION = YES;
				GCC_WARN_ABOUT_RETURN_TYPE = YES_ERROR;
				GCC_WARN_UNDECLARED_SELECTOR = YES;
				GCC_WARN_UNINITIALIZED_AUTOS = YES_AGGRESSIVE;
				GCC_WARN_UNUSED_FUNCTION = YES;
				GCC_WARN_UNUSED_VARIABLE = YES;
				IPHONEOS_DEPLOYMENT_TARGET = 10.1;
				MTL_ENABLE_DEBUG_INFO = YES;
				ONLY_ACTIVE_ARCH = YES;
				SDKROOT = iphoneos;
			};
			name = Debug;
		};
		9FD4AF751DF022B400C6DE23 /* Release */ = {
			isa = XCBuildConfiguration;
			buildSettings = {
				ALWAYS_SEARCH_USER_PATHS = NO;
				CLANG_ANALYZER_NONNULL = YES;
				CLANG_CXX_LANGUAGE_STANDARD = "gnu++0x";
				CLANG_CXX_LIBRARY = "libc++";
				CLANG_ENABLE_MODULES = YES;
				CLANG_ENABLE_OBJC_ARC = YES;
				CLANG_WARN_BOOL_CONVERSION = YES;
				CLANG_WARN_CONSTANT_CONVERSION = YES;
				CLANG_WARN_DIRECT_OBJC_ISA_USAGE = YES_ERROR;
				CLANG_WARN_DOCUMENTATION_COMMENTS = YES;
				CLANG_WARN_EMPTY_BODY = YES;
				CLANG_WARN_ENUM_CONVERSION = YES;
				CLANG_WARN_INFINITE_RECURSION = YES;
				CLANG_WARN_INT_CONVERSION = YES;
				CLANG_WARN_OBJC_ROOT_CLASS = YES_ERROR;
				CLANG_WARN_SUSPICIOUS_MOVES = YES;
				CLANG_WARN_UNREACHABLE_CODE = YES;
				CLANG_WARN__DUPLICATE_METHOD_MATCH = YES;
				"CODE_SIGN_IDENTITY[sdk=iphoneos*]" = "iPhone Developer";
				COPY_PHASE_STRIP = NO;
				DEBUG_INFORMATION_FORMAT = "dwarf-with-dsym";
				ENABLE_NS_ASSERTIONS = NO;
				ENABLE_STRICT_OBJC_MSGSEND = YES;
				GCC_C_LANGUAGE_STANDARD = gnu99;
				GCC_NO_COMMON_BLOCKS = YES;
				GCC_WARN_64_TO_32_BIT_CONVERSION = YES;
				GCC_WARN_ABOUT_RETURN_TYPE = YES_ERROR;
				GCC_WARN_UNDECLARED_SELECTOR = YES;
				GCC_WARN_UNINITIALIZED_AUTOS = YES_AGGRESSIVE;
				GCC_WARN_UNUSED_FUNCTION = YES;
				GCC_WARN_UNUSED_VARIABLE = YES;
				IPHONEOS_DEPLOYMENT_TARGET = 10.1;
				MTL_ENABLE_DEBUG_INFO = NO;
				SDKROOT = iphoneos;
				VALIDATE_PRODUCT = YES;
			};
			name = Release;
		};
		9FD4AF771DF022B400C6DE23 /* Debug */ = {
			isa = XCBuildConfiguration;
			buildSettings = {
				ASSETCATALOG_COMPILER_APPICON_NAME = AppIcon;
				INFOPLIST_FILE = EFPageControl/Info.plist;
				LD_RUNPATH_SEARCH_PATHS = "$(inherited) @executable_path/Frameworks";
				PRODUCT_BUNDLE_IDENTIFIER = shuai.EFPageControl;
				PRODUCT_NAME = "$(TARGET_NAME)";
			};
			name = Debug;
		};
		9FD4AF781DF022B400C6DE23 /* Release */ = {
			isa = XCBuildConfiguration;
			buildSettings = {
				ASSETCATALOG_COMPILER_APPICON_NAME = AppIcon;
				INFOPLIST_FILE = EFPageControl/Info.plist;
				LD_RUNPATH_SEARCH_PATHS = "$(inherited) @executable_path/Frameworks";
				PRODUCT_BUNDLE_IDENTIFIER = shuai.EFPageControl;
				PRODUCT_NAME = "$(TARGET_NAME)";
			};
			name = Release;
		};
/* End XCBuildConfiguration section */

/* Begin XCConfigurationList section */
		9FD4AF5A1DF022B400C6DE23 /* Build configuration list for PBXProject "EFPageControl" */ = {
			isa = XCConfigurationList;
			buildConfigurations = (
				9FD4AF741DF022B400C6DE23 /* Debug */,
				9FD4AF751DF022B400C6DE23 /* Release */,
			);
			defaultConfigurationIsVisible = 0;
			defaultConfigurationName = Release;
		};
		9FD4AF761DF022B400C6DE23 /* Build configuration list for PBXNativeTarget "EFPageControl" */ = {
			isa = XCConfigurationList;
			buildConfigurations = (
				9FD4AF771DF022B400C6DE23 /* Debug */,
				9FD4AF781DF022B400C6DE23 /* Release */,
			);
			defaultConfigurationIsVisible = 0;
			defaultConfigurationName = Release;
		};
/* End XCConfigurationList section */
	};
	rootObject = 9FD4AF571DF022B400C6DE23 /* Project object */;
}
